
Microsoft Visual Studio Solution File, Format Version 12.00
# Visual Studio 15
VisualStudioVersion = 15.0.28010.2036
MinimumVisualStudioVersion = 10.0.40219.1
Project("{FAE04EC0-301F-11D3-BF4B-00C04F79EFBC}") = "Ciam", "ciam\Ciam.csproj", "{DD85D226-F278-46F8-B1BA-9D27D7F75368}"
EndProject
Project("{FAE04EC0-301F-11D3-BF4B-00C04F79EFBC}") = "Ciam.DAL", "Ciam.DAL\Ciam.DAL.csproj", "{0A7AC877-C630-4985-BDF6-DDDE283802EF}"
EndProject
Global
	GlobalSection(SolutionConfigurationPlatforms) = preSolution
		Debug|Any CPU = Debug|Any CPU
		Release|Any CPU = Release|Any CPU
	EndGlobalSection
	GlobalSection(ProjectConfigurationPlatforms) = postSolution
		{DD85D226-F278-46F8-B1BA-9D27D7F75368}.Debug|Any CPU.ActiveCfg = Debug|Any CPU
		{DD85D226-F278-46F8-B1BA-9D27D7F75368}.Debug|Any CPU.Build.0 = Debug|Any CPU
		{DD85D226-F278-46F8-B1BA-9D27D7F75368}.Release|Any CPU.ActiveCfg = Release|Any CPU
		{DD85D226-F278-46F8-B1BA-9D27D7F75368}.Release|Any CPU.Build.0 = Release|Any CPU
		{0A7AC877-C630-4985-BDF6-DDDE283802EF}.Debug|Any CPU.ActiveCfg = Debug|Any CPU
		{0A7AC877-C630-4985-BDF6-DDDE283802EF}.Debug|Any CPU.Build.0 = Debug|Any CPU
		{0A7AC877-C630-4985-BDF6-DDDE283802EF}.Release|Any CPU.ActiveCfg = Release|Any CPU
		{0A7AC877-C630-4985-BDF6-DDDE283802EF}.Release|Any CPU.Build.0 = Release|Any CPU
	EndGlobalSection
	GlobalSection(SolutionProperties) = preSolution
		HideSolutionNode = FALSE
	EndGlobalSection
	GlobalSection(ExtensibilityGlobals) = postSolution
		SolutionGuid = {8E544443-3004-402F-99D8-EF078C2294B3}
	EndGlobalSection
EndGlobal
